// !$*UTF8*$!
{
	archiveVersion = 1;
	classes = {
	};
	objectVersion = 46;
	objects = {

/* Begin PBXBuildFile section */
		9CCA77CE1C0F9CF90044C4F7 /* AppDelegate.swift in Sources */ = {isa = PBXBuildFile; fileRef = 9CCA77CD1C0F9CF90044C4F7 /* AppDelegate.swift */; };
		9CCA77D01C0F9CF90044C4F7 /* ViewController.swift in Sources */ = {isa = PBXBuildFile; fileRef = 9CCA77CF1C0F9CF90044C4F7 /* ViewController.swift */; };
		9CCA77D31C0F9CF90044C4F7 /* Main.storyboard in Resources */ = {isa = PBXBuildFile; fileRef = 9CCA77D11C0F9CF90044C4F7 /* Main.storyboard */; };
		9CCA77D51C0F9CF90044C4F7 /* Assets.xcassets in Resources */ = {isa = PBXBuildFile; fileRef = 9CCA77D41C0F9CF90044C4F7 /* Assets.xcassets */; };
		9CCA77D81C0F9CF90044C4F7 /* LaunchScreen.storyboard in Resources */ = {isa = PBXBuildFile; fileRef = 9CCA77D61C0F9CF90044C4F7 /* LaunchScreen.storyboard */; };
		9CCA77E31C0F9CF90044C4F7 /* HamburguesasMundoTests.swift in Sources */ = {isa = PBXBuildFile; fileRef = 9CCA77E21C0F9CF90044C4F7 /* HamburguesasMundoTests.swift */; };
		9CCA77EE1C0F9CFA0044C4F7 /* HamburguesasMundoUITests.swift in Sources */ = {isa = PBXBuildFile; fileRef = 9CCA77ED1C0F9CFA0044C4F7 /* HamburguesasMundoUITests.swift */; };
		9CCA77FC1C0F9D1D0044C4F7 /* Datos.swift in Sources */ = {isa = PBXBuildFile; fileRef = 9CCA77FB1C0F9D1D0044C4F7 /* Datos.swift */; };
		9CCA77FE1C0FA2BC0044C4F7 /* Colores.swift in Sources */ = {isa = PBXBuildFile; fileRef = 9CCA77FD1C0FA2BC0044C4F7 /* Colores.swift */; };
/* End PBXBuildFile section */

/* Begin PBXContainerItemProxy section */
		9CCA77DF1C0F9CF90044C4F7 /* PBXContainerItemProxy */ = {
			isa = PBXContainerItemProxy;
			containerPortal = 9CCA77C21C0F9CF90044C4F7 /* Project object */;
			proxyType = 1;
			remoteGlobalIDString = 9CCA77C91C0F9CF90044C4F7;
			remoteInfo = HamburguesasMundo;
		};
		9CCA77EA1C0F9CFA0044C4F7 /* PBXContainerItemProxy */ = {
			isa = PBXContainerItemProxy;
			containerPortal = 9CCA77C21C0F9CF90044C4F7 /* Project object */;
			proxyType = 1;
			remoteGlobalIDString = 9CCA77C91C0F9CF90044C4F7;
			remoteInfo = HamburguesasMundo;
		};
/* End PBXContainerItemProxy section */

/* Begin PBXFileReference section */
		9CCA77CA1C0F9CF90044C4F7 /* HamburguesasMundo.app */ = {isa = PBXFileReference; explicitFileType = wrapper.application; includeInIndex = 0; path = HamburguesasMundo.app; sourceTree = BUILT_PRODUCTS_DIR; };
		9CCA77CD1C0F9CF90044C4F7 /* AppDelegate.swift */ = {isa = PBXFileReference; lastKnownFileType = sourcecode.swift; path = AppDelegate.swift; sourceTree = "<group>"; };
		9CCA77CF1C0F9CF90044C4F7 /* ViewController.swift */ = {isa = PBXFileReference; lastKnownFileType = sourcecode.swift; path = ViewController.swift; sourceTree = "<group>"; };
		9CCA77D21C0F9CF90044C4F7 /* Base */ = {isa = PBXFileReference; lastKnownFileType = file.storyboard; name = Base; path = Base.lproj/Main.storyboard; sourceTree = "<group>"; };
		9CCA77D41C0F9CF90044C4F7 /* Assets.xcassets */ = {isa = PBXFileReference; lastKnownFileType = folder.assetcatalog; path = Assets.xcassets; sourceTree = "<group>"; };
		9CCA77D71C0F9CF90044C4F7 /* Base */ = {isa = PBXFileReference; lastKnownFileType = file.storyboard; name = Base; path = Base.lproj/LaunchScreen.storyboard; sourceTree = "<group>"; };
		9CCA77D91C0F9CF90044C4F7 /* Info.plist */ = {isa = PBXFileReference; lastKnownFileType = text.plist.xml; path = Info.plist; sourceTree = "<group>"; };
		9CCA77DE1C0F9CF90044C4F7 /* HamburguesasMundoTests.xctest */ = {isa = PBXFileReference; explicitFileType = wrapper.cfbundle; includeInIndex = 0; path = HamburguesasMundoTests.xctest; sourceTree = BUILT_PRODUCTS_DIR; };
		9CCA77E21C0F9CF90044C4F7 /* HamburguesasMundoTests.swift */ = {isa = PBXFileReference; lastKnownFileType = sourcecode.swift; path = HamburguesasMundoTests.swift; sourceTree = "<group>"; };
		9CCA77E41C0F9CF90044C4F7 /* Info.plist */ = {isa = PBXFileReference; lastKnownFileType = text.plist.xml; path = Info.plist; sourceTree = "<group>"; };
		9CCA77E91C0F9CFA0044C4F7 /* HamburguesasMundoUITests.xctest */ = {isa = PBXFileReference; explicitFileType = wrapper.cfbundle; includeInIndex = 0; path = HamburguesasMundoUITests.xctest; sourceTree = BUILT_PRODUCTS_DIR; };
		9CCA77ED1C0F9CFA0044C4F7 /* HamburguesasMundoUITests.swift */ = {isa = PBXFileReference; lastKnownFileType = sourcecode.swift; path = HamburguesasMundoUITests.swift; sourceTree = "<group>"; };
		9CCA77EF1C0F9CFA0044C4F7 /* Info.plist */ = {isa = PBXFileReference; lastKnownFileType = text.plist.xml; path = Info.plist; sourceTree = "<group>"; };
		9CCA77FB1C0F9D1D0044C4F7 /* Datos.swift */ = {isa = PBXFileReference; fileEncoding = 4; lastKnownFileType = sourcecode.swift; path = Datos.swift; sourceTree = "<group>"; };
		9CCA77FD1C0FA2BC0044C4F7 /* Colores.swift */ = {isa = PBXFileReference; fileEncoding = 4; lastKnownFileType = sourcecode.swift; path = Colores.swift; sourceTree = "<group>"; };
/* End PBXFileReference section */

/* Begin PBXFrameworksBuildPhase section */
		9CCA77C71C0F9CF90044C4F7 /* Frameworks */ = {
			isa = PBXFrameworksBuildPhase;
			buildActionMask = 2147483647;
			files = (
			);
			runOnlyForDeploymentPostprocessing = 0;
		};
		9CCA77DB1C0F9CF90044C4F7 /* Frameworks */ = {
			isa = PBXFrameworksBuildPhase;
			buildActionMask = 2147483647;
			files = (
			);
			runOnlyForDeploymentPostprocessing = 0;
		};
		9CCA77E61C0F9CFA0044C4F7 /* Frameworks */ = {
			isa = PBXFrameworksBuildPhase;
			buildActionMask = 2147483647;
			files = (
			);
			runOnlyForDeploymentPostprocessing = 0;
		};
/* End PBXFrameworksBuildPhase section */

/* Begin PBXGroup section */
		9CCA77C11C0F9CF90044C4F7 = {
			isa = PBXGroup;
			children = (
				9CCA77CC1C0F9CF90044C4F7 /* HamburguesasMundo */,
				9CCA77E11C0F9CF90044C4F7 /* HamburguesasMundoTests */,
				9CCA77EC1C0F9CFA0044C4F7 /* HamburguesasMundoUITests */,
				9CCA77CB1C0F9CF90044C4F7 /* Products */,
			);
			sourceTree = "<group>";
		};
		9CCA77CB1C0F9CF90044C4F7 /* Products */ = {
			isa = PBXGroup;
			children = (
				9CCA77CA1C0F9CF90044C4F7 /* HamburguesasMundo.app */,
				9CCA77DE1C0F9CF90044C4F7 /* HamburguesasMundoTests.xctest */,
				9CCA77E91C0F9CFA0044C4F7 /* HamburguesasMundoUITests.xctest */,
			);
			name = Products;
			sourceTree = "<group>";
		};
		9CCA77CC1C0F9CF90044C4F7 /* HamburguesasMundo */ = {
			isa = PBXGroup;
			children = (
				9CCA77CD1C0F9CF90044C4F7 /* AppDelegate.swift */,
				9CCA77CF1C0F9CF90044C4F7 /* ViewController.swift */,
				9CCA77D11C0F9CF90044C4F7 /* Main.storyboard */,
				9CCA77D41C0F9CF90044C4F7 /* Assets.xcassets */,
				9CCA77D61C0F9CF90044C4F7 /* LaunchScreen.storyboard */,
				9CCA77D91C0F9CF90044C4F7 /* Info.plist */,
				9CCA77FB1C0F9D1D0044C4F7 /* Datos.swift */,
				9CCA77FD1C0FA2BC0044C4F7 /* Colores.swift */,
			);
			path = HamburguesasMundo;
			sourceTree = "<group>";
		};
		9CCA77E11C0F9CF90044C4F7 /* HamburguesasMundoTests */ = {
			isa = PBXGroup;
			children = (
				9CCA77E21C0F9CF90044C4F7 /* HamburguesasMundoTests.swift */,
				9CCA77E41C0F9CF90044C4F7 /* Info.plist */,
			);
			path = HamburguesasMundoTests;
			sourceTree = "<group>";
		};
		9CCA77EC1C0F9CFA0044C4F7 /* HamburguesasMundoUITests */ = {
			isa = PBXGroup;
			children = (
				9CCA77ED1C0F9CFA0044C4F7 /* HamburguesasMundoUITests.swift */,
				9CCA77EF1C0F9CFA0044C4F7 /* Info.plist */,
			);
			path = HamburguesasMundoUITests;
			sourceTree = "<group>";
		};
/* End PBXGroup section */

/* Begin PBXNativeTarget section */
		9CCA77C91C0F9CF90044C4F7 /* HamburguesasMundo */ = {
			isa = PBXNativeTarget;
			buildConfigurationList = 9CCA77F21C0F9CFA0044C4F7 /* Build configuration list for PBXNativeTarget "HamburguesasMundo" */;
			buildPhases = (
				9CCA77C61C0F9CF90044C4F7 /* Sources */,
				9CCA77C71C0F9CF90044C4F7 /* Frameworks */,
				9CCA77C81C0F9CF90044C4F7 /* Resources */,
			);
			buildRules = (
			);
			dependencies = (
			);
			name = HamburguesasMundo;
			productName = HamburguesasMundo;
			productReference = 9CCA77CA1C0F9CF90044C4F7 /* HamburguesasMundo.app */;
			productType = "com.apple.product-type.application";
		};
		9CCA77DD1C0F9CF90044C4F7 /* HamburguesasMundoTests */ = {
			isa = PBXNativeTarget;
			buildConfigurationList = 9CCA77F51C0F9CFA0044C4F7 /* Build configuration list for PBXNativeTarget "HamburguesasMundoTests" */;
			buildPhases = (
				9CCA77DA1C0F9CF90044C4F7 /* Sources */,
				9CCA77DB1C0F9CF90044C4F7 /* Frameworks */,
				9CCA77DC1C0F9CF90044C4F7 /* Resources */,
			);
			buildRules = (
			);
			dependencies = (
				9CCA77E01C0F9CF90044C4F7 /* PBXTargetDependency */,
			);
			name = HamburguesasMundoTests;
			productName = HamburguesasMundoTests;
			productReference = 9CCA77DE1C0F9CF90044C4F7 /* HamburguesasMundoTests.xctest */;
			productType = "com.apple.product-type.bundle.unit-test";
		};
		9CCA77E81C0F9CFA0044C4F7 /* HamburguesasMundoUITests */ = {
			isa = PBXNativeTarget;
			buildConfigurationList = 9CCA77F81C0F9CFA0044C4F7 /* Build configuration list for PBXNativeTarget "HamburguesasMundoUITests" */;
			buildPhases = (
				9CCA77E51C0F9CFA0044C4F7 /* Sources */,
				9CCA77E61C0F9CFA0044C4F7 /* Frameworks */,
				9CCA77E71C0F9CFA0044C4F7 /* Resources */,
			);
			buildRules = (
			);
			dependencies = (
				9CCA77EB1C0F9CFA0044C4F7 /* PBXTargetDependency */,
			);
			name = HamburguesasMundoUITests;
			productName = HamburguesasMundoUITests;
			productReference = 9CCA77E91C0F9CFA0044C4F7 /* HamburguesasMundoUITests.xctest */;
			productType = "com.apple.product-type.bundle.ui-testing";
		};
/* End PBXNativeTarget section */

/* Begin PBXProject section */
		9CCA77C21C0F9CF90044C4F7 /* Project object */ = {
			isa = PBXProject;
			attributes = {
				LastSwiftUpdateCheck = 0710;
				LastUpgradeCheck = 0710;
				ORGANIZATIONNAME = personal;
				TargetAttributes = {
					9CCA77C91C0F9CF90044C4F7 = {
						CreatedOnToolsVersion = 7.1.1;
					};
					9CCA77DD1C0F9CF90044C4F7 = {
						CreatedOnToolsVersion = 7.1.1;
						TestTargetID = 9CCA77C91C0F9CF90044C4F7;
					};
					9CCA77E81C0F9CFA0044C4F7 = {
						CreatedOnToolsVersion = 7.1.1;
						TestTargetID = 9CCA77C91C0F9CF90044C4F7;
					};
				};
			};
			buildConfigurationList = 9CCA77C51C0F9CF90044C4F7 /* Build configuration list for PBXProject "HamburguesasMundo" */;
			compatibilityVersion = "Xcode 3.2";
			developmentRegion = English;
			hasScannedForEncodings = 0;
			knownRegions = (
				en,
				Base,
			);
			mainGroup = 9CCA77C11C0F9CF90044C4F7;
			productRefGroup = 9CCA77CB1C0F9CF90044C4F7 /* Products */;
			projectDirPath = "";
			projectRoot = "";
			targets = (
				9CCA77C91C0F9CF90044C4F7 /* HamburguesasMundo */,
				9CCA77DD1C0F9CF90044C4F7 /* HamburguesasMundoTests */,
				9CCA77E81C0F9CFA0044C4F7 /* HamburguesasMundoUITests */,
			);
		};
/* End PBXProject section */

/* Begin PBXResourcesBuildPhase section */
		9CCA77C81C0F9CF90044C4F7 /* Resources */ = {
			isa = PBXResourcesBuildPhase;
			buildActionMask = 2147483647;
			files = (
				9CCA77D81C0F9CF90044C4F7 /* LaunchScreen.storyboard in Resources */,
				9CCA77D51C0F9CF90044C4F7 /* Assets.xcassets in Resources */,
				9CCA77D31C0F9CF90044C4F7 /* Main.storyboard in Resources */,
			);
			runOnlyForDeploymentPostprocessing = 0;
		};
		9CCA77DC1C0F9CF90044C4F7 /* Resources */ = {
			isa = PBXResourcesBuildPhase;
			buildActionMask = 2147483647;
			files = (
			);
			runOnlyForDeploymentPostprocessing = 0;
		};
		9CCA77E71C0F9CFA0044C4F7 /* Resources */ = {
			isa = PBXResourcesBuildPhase;
			buildActionMask = 2147483647;
			files = (
			);
			runOnlyForDeploymentPostprocessing = 0;
		};
/* End PBXResourcesBuildPhase section */

/* Begin PBXSourcesBuildPhase section */
		9CCA77C61C0F9CF90044C4F7 /* Sources */ = {
			isa = PBXSourcesBuildPhase;
			buildActionMask = 2147483647;
			files = (
				9CCA77D01C0F9CF90044C4F7 /* ViewController.swift in Sources */,
				9CCA77CE1C0F9CF90044C4F7 /* AppDelegate.swift in Sources */,
				9CCA77FC1C0F9D1D0044C4F7 /* Datos.swift in Sources */,
				9CCA77FE1C0FA2BC0044C4F7 /* Colores.swift in Sources */,
			);
			runOnlyForDeploymentPostprocessing = 0;
		};
		9CCA77DA1C0F9CF90044C4F7 /* Sources */ = {
			isa = PBXSourcesBuildPhase;
			buildActionMask = 2147483647;
			files = (
				9CCA77E31C0F9CF90044C4F7 /* HamburguesasMundoTests.swift in Sources */,
			);
			runOnlyForDeploymentPostprocessing = 0;
		};
		9CCA77E51C0F9CFA0044C4F7 /* Sources */ = {
			isa = PBXSourcesBuildPhase;
			buildActionMask = 2147483647;
			files = (
				9CCA77EE1C0F9CFA0044C4F7 /* HamburguesasMundoUITests.swift in Sources */,
			);
			runOnlyForDeploymentPostprocessing = 0;
		};
/* End PBXSourcesBuildPhase section */

/* Begin PBXTargetDependency section */
		9CCA77E01C0F9CF90044C4F7 /* PBXTargetDependency */ = {
			isa = PBXTargetDependency;
			target = 9CCA77C91C0F9CF90044C4F7 /* HamburguesasMundo */;
			targetProxy = 9CCA77DF1C0F9CF90044C4F7 /* PBXContainerItemProxy */;
		};
		9CCA77EB1C0F9CFA0044C4F7 /* PBXTargetDependency */ = {
			isa = PBXTargetDependency;
			target = 9CCA77C91C0F9CF90044C4F7 /* HamburguesasMundo */;
			targetProxy = 9CCA77EA1C0F9CFA0044C4F7 /* PBXContainerItemProxy */;
		};
/* End PBXTargetDependency section */

/* Begin PBXVariantGroup section */
		9CCA77D11C0F9CF90044C4F7 /* Main.storyboard */ = {
			isa = PBXVariantGroup;
			children = (
				9CCA77D21C0F9CF90044C4F7 /* Base */,
			);
			name = Main.storyboard;
			sourceTree = "<group>";
		};
		9CCA77D61C0F9CF90044C4F7 /* LaunchScreen.storyboard */ = {
			isa = PBXVariantGroup;
			children = (
				9CCA77D71C0F9CF90044C4F7 /* Base */,
			);
			name = LaunchScreen.storyboard;
			sourceTree = "<group>";
		};
/* End PBXVariantGroup section */

/* Begin XCBuildConfiguration section */
		9CCA77F01C0F9CFA0044C4F7 /* Debug */ = {
			isa = XCBuildConfiguration;
			buildSettings = {
				ALWAYS_SEARCH_USER_PATHS = NO;
				CLANG_CXX_LANGUAGE_STANDARD = "gnu++0x";
				CLANG_CXX_LIBRARY = "libc++";
				CLANG_ENABLE_MODULES = YES;
				CLANG_ENABLE_OBJC_ARC = YES;
				CLANG_WARN_BOOL_CONVERSION = YES;
				CLANG_WARN_CONSTANT_CONVERSION = YES;
				CLANG_WARN_DIRECT_OBJC_ISA_USAGE = YES_ERROR;
				CLANG_WARN_EMPTY_BODY = YES;
				CLANG_WARN_ENUM_CONVERSION = YES;
				CLANG_WARN_INT_CONVERSION = YES;
				CLANG_WARN_OBJC_ROOT_CLASS = YES_ERROR;
				CLANG_WARN_UNREACHABLE_CODE = YES;
				CLANG_WARN__DUPLICATE_METHOD_MATCH = YES;
				"CODE_SIGN_IDENTITY[sdk=iphoneos*]" = "iPhone Developer";
				COPY_PHASE_STRIP = NO;
				DEBUG_INFORMATION_FORMAT = dwarf;
				ENABLE_STRICT_OBJC_MSGSEND = YES;
				ENABLE_TESTABILITY = YES;
				GCC_C_LANGUAGE_STANDARD = gnu99;
				GCC_DYNAMIC_NO_PIC = NO;
				GCC_NO_COMMON_BLOCKS = YES;
				GCC_OPTIMIZATION_LEVEL = 0;
				GCC_PREPROCESSOR_DEFINITIONS = (
					"DEBUG=1",
					"$(inherited)",
				);
				GCC_WARN_64_TO_32_BIT_CONVERSION = YES;
				GCC_WARN_ABOUT_RETURN_TYPE = YES_ERROR;
				GCC_WARN_UNDECLARED_SELECTOR = YES;
				GCC_WARN_UNINITIALIZED_AUTOS = YES_AGGRESSIVE;
				GCC_WARN_UNUSED_FUNCTION = YES;
				GCC_WARN_UNUSED_VARIABLE = YES;
				IPHONEOS_DEPLOYMENT_TARGET = 9.1;
				MTL_ENABLE_DEBUG_INFO = YES;
				ONLY_ACTIVE_ARCH = YES;
				SDKROOT = iphoneos;
				SWIFT_OPTIMIZATION_LEVEL = "-Onone";
			};
			name = Debug;
		};
		9CCA77F11C0F9CFA0044C4F7 /* Release */ = {
			isa = XCBuildConfiguration;
			buildSettings = {
				ALWAYS_SEARCH_USER_PATHS = NO;
				CLANG_CXX_LANGUAGE_STANDARD = "gnu++0x";
				CLANG_CXX_LIBRARY = "libc++";
				CLANG_ENABLE_MODULES = YES;
				CLANG_ENABLE_OBJC_ARC = YES;
				CLANG_WARN_BOOL_CONVERSION = YES;
				CLANG_WARN_CONSTANT_CONVERSION = YES;
				CLANG_WARN_DIRECT_OBJC_ISA_USAGE = YES_ERROR;
				CLANG_WARN_EMPTY_BODY = YES;
				CLANG_WARN_ENUM_CONVERSION = YES;
				CLANG_WARN_INT_CONVERSION = YES;
				CLANG_WARN_OBJC_ROOT_CLASS = YES_ERROR;
				CLANG_WARN_UNREACHABLE_CODE = YES;
				CLANG_WARN__DUPLICATE_METHOD_MATCH = YES;
				"CODE_SIGN_IDENTITY[sdk=iphoneos*]" = "iPhone Developer";
				COPY_PHASE_STRIP = NO;
				DEBUG_INFORMATION_FORMAT = "dwarf-with-dsym";
				ENABLE_NS_ASSERTIONS = NO;
				ENABLE_STRICT_OBJC_MSGSEND = YES;
				GCC_C_LANGUAGE_STANDARD = gnu99;
				GCC_NO_COMMON_BLOCKS = YES;
				GCC_WARN_64_TO_32_BIT_CONVERSION = YES;
				GCC_WARN_ABOUT_RETURN_TYPE = YES_ERROR;
				GCC_WARN_UNDECLARED_SELECTOR = YES;
				GCC_WARN_UNINITIALIZED_AUTOS = YES_AGGRESSIVE;
				GCC_WARN_UNUSED_FUNCTION = YES;
				GCC_WARN_UNUSED_VARIABLE = YES;
				IPHONEOS_DEPLOYMENT_TARGET = 9.1;
				MTL_ENABLE_DEBUG_INFO = NO;
				SDKROOT = iphoneos;
				VALIDATE_PRODUCT = YES;
			};
			name = Release;
		};
		9CCA77F31C0F9CFA0044C4F7 /* Debug */ = {
			isa = XCBuildConfiguration;
			buildSettings = {
				ASSETCATALOG_COMPILER_APPICON_NAME = AppIcon;
				INFOPLIST_FILE = HamburguesasMundo/Info.plist;
				LD_RUNPATH_SEARCH_PATHS = "$(inherited) @executable_path/Frameworks";
				PRODUCT_BUNDLE_IDENTIFIER = josmanperez.HamburguesasMundo;
				PRODUCT_NAME = "$(TARGET_NAME)";
			};
			name = Debug;
		};
		9CCA77F41C0F9CFA0044C4F7 /* Release */ = {
			isa = XCBuildConfiguration;
			buildSettings = {
				ASSETCATALOG_COMPILER_APPICON_NAME = AppIcon;
				INFOPLIST_FILE = HamburguesasMundo/Info.plist;
				LD_RUNPATH_SEARCH_PATHS = "$(inherited) @executable_path/Frameworks";
				PRODUCT_BUNDLE_IDENTIFIER = josmanperez.HamburguesasMundo;
				PRODUCT_NAME = "$(TARGET_NAME)";
			};
			name = Release;
		};
		9CCA77F61C0F9CFA0044C4F7 /* Debug */ = {
			isa = XCBuildConfiguration;
			buildSettings = {
				BUNDLE_LOADER = "$(TEST_HOST)";
				INFOPLIST_FILE = HamburguesasMundoTests/Info.plist;
				LD_RUNPATH_SEARCH_PATHS = "$(inherited) @executable_path/Frameworks @loader_path/Frameworks";
				PRODUCT_BUNDLE_IDENTIFIER = josmanperez.HamburguesasMundoTests;
				PRODUCT_NAME = "$(TARGET_NAME)";
				TEST_HOST = "$(BUILT_PRODUCTS_DIR)/HamburguesasMundo.app/HamburguesasMundo";
			};
			name = Debug;
		};
		9CCA77F71C0F9CFA0044C4F7 /* Release */ = {
			isa = XCBuildConfiguration;
			buildSettings = {
				BUNDLE_LOADER = "$(TEST_HOST)";
				INFOPLIST_FILE = HamburguesasMundoTests/Info.plist;
				LD_RUNPATH_SEARCH_PATHS = "$(inherited) @executable_path/Frameworks @loader_path/Frameworks";
				PRODUCT_BUNDLE_IDENTIFIER = josmanperez.HamburguesasMundoTests;
				PRODUCT_NAME = "$(TARGET_NAME)";
				TEST_HOST = "$(BUILT_PRODUCTS_DIR)/HamburguesasMundo.app/HamburguesasMundo";
			};
			name = Release;
		};
		9CCA77F91C0F9CFA0044C4F7 /* Debug */ = {
			isa = XCBuildConfiguration;
			buildSettings = {
				INFOPLIST_FILE = HamburguesasMundoUITests/Info.plist;
				LD_RUNPATH_SEARCH_PATHS = "$(inherited) @executable_path/Frameworks @loader_path/Frameworks";
				PRODUCT_BUNDLE_IDENTIFIER = josmanperez.HamburguesasMundoUITests;
				PRODUCT_NAME = "$(TARGET_NAME)";
				TEST_TARGET_NAME = HamburguesasMundo;
				USES_XCTRUNNER = YES;
			};
			name = Debug;
		};
		9CCA77FA1C0F9CFA0044C4F7 /* Release */ = {
			isa = XCBuildConfiguration;
			buildSettings = {
				INFOPLIST_FILE = HamburguesasMundoUITests/Info.plist;
				LD_RUNPATH_SEARCH_PATHS = "$(inherited) @executable_path/Frameworks @loader_path/Frameworks";
				PRODUCT_BUNDLE_IDENTIFIER = josmanperez.HamburguesasMundoUITests;
				PRODUCT_NAME = "$(TARGET_NAME)";
				TEST_TARGET_NAME = HamburguesasMundo;
				USES_XCTRUNNER = YES;
			};
			name = Release;
		};
/* End XCBuildConfiguration section */

/* Begin XCConfigurationList section */
		9CCA77C51C0F9CF90044C4F7 /* Build configuration list for PBXProject "HamburguesasMundo" */ = {
			isa = XCConfigurationList;
			buildConfigurations = (
				9CCA77F01C0F9CFA0044C4F7 /* Debug */,
				9CCA77F11C0F9CFA0044C4F7 /* Release */,
			);
			defaultConfigurationIsVisible = 0;
			defaultConfigurationName = Release;
		};
		9CCA77F21C0F9CFA0044C4F7 /* Build configuration list for PBXNativeTarget "HamburguesasMundo" */ = {
			isa = XCConfigurationList;
			buildConfigurations = (
				9CCA77F31C0F9CFA0044C4F7 /* Debug */,
				9CCA77F41C0F9CFA0044C4F7 /* Release */,
			);
			defaultConfigurationIsVisible = 0;
		};
		9CCA77F51C0F9CFA0044C4F7 /* Build configuration list for PBXNativeTarget "HamburguesasMundoTests" */ = {
			isa = XCConfigurationList;
			buildConfigurations = (
				9CCA77F61C0F9CFA0044C4F7 /* Debug */,
				9CCA77F71C0F9CFA0044C4F7 /* Release */,
			);
			defaultConfigurationIsVisible = 0;
		};
		9CCA77F81C0F9CFA0044C4F7 /* Build configuration list for PBXNativeTarget "HamburguesasMundoUITests" */ = {
			isa = XCConfigurationList;
			buildConfigurations = (
				9CCA77F91C0F9CFA0044C4F7 /* Debug */,
				9CCA77FA1C0F9CFA0044C4F7 /* Release */,
			);
			defaultConfigurationIsVisible = 0;
		};
/* End XCConfigurationList section */
	};
	rootObject = 9CCA77C21C0F9CF90044C4F7 /* Project object */;
}
